{
  "name": "todo-list",
  "version": "0.0.1",
  "lockfileVersion": 2,
  "requires": true,
  "packages": {
    "": {
      "name": "todo-list",
      "version": "0.0.1",
      "license": "MIT",
      "dependencies": {
        "tinyx": "^2.2.0"
      },
      "devDependencies": {
        "@ellx/framework": "../ellx2"
      }
    },
    "../ellx2": {
      "name": "@ellx/framework",
      "version": "0.0.1",
      "dev": true,
      "license": "MIT",
      "dependencies": {
        "@ellx/core": "../../ellx-core",
        "chokidar": "^3.5.3",
        "command-line-args": "^5.2.1",
        "conclure": "^2, >=2.1.0",
        "conclure-quarx": "^0.5.4",
        "md5": "^2.3.0",
        "node-resolve-flow": "^0.8.0",
        "open": "^8.4.0",
        "polka": "^0.5.2",
        "qcjs": "^0.1.0",
        "quarx": "^4, >=4.0.1",
        "rd-parse": "^3.4.0",
        "rd-parse-jsexpr": "^2.2.0",
        "serve-static": "^1.15.0",
        "ws": "^8.9.0"
      },
      "devDependencies": {
        "ava": "^4.3.3"
      }
    },
    "node_modules/@ellx/framework": {
      "resolved": "../ellx2",
      "link": true
    },
    "node_modules/tinyx": {
      "version": "2.2.0",
      "resolved": "https://registry.npmjs.org/tinyx/-/tinyx-2.2.0.tgz",
      "integrity": "sha512-FtvcU05Xye1cJGS1PBVQ+4VqNltTPnae0f2gC9kcQ0Nii+nIa3i4VO9QNU/hb4t9rMcb57NKJut7+giQ0XN60g=="
    }
  },
  "dependencies": {
    "@ellx/framework": {
      "version": "file:../ellx2",
      "requires": {
        "@ellx/core": "../../ellx-core",
        "ava": "^4.3.3",
        "chokidar": "^3.5.3",
        "command-line-args": "^5.2.1",
        "conclure": "^2, >=2.1.0",
        "conclure-quarx": "^0.5.4",
        "md5": "^2.3.0",
        "node-resolve-flow": "^0.8.0",
        "open": "^8.4.0",
        "polka": "^0.5.2",
        "qcjs": "^0.1.0",
        "quarx": "^4, >=4.0.1",
        "rd-parse": "^3.4.0",
        "rd-parse-jsexpr": "^2.2.0",
        "serve-static": "^1.15.0",
        "ws": "^8.9.0"
      }
    },
    "tinyx": {
      "version": "2.2.0",
      "resolved": "https://registry.npmjs.org/tinyx/-/tinyx-2.2.0.tgz",
      "integrity": "sha512-FtvcU05Xye1cJGS1PBVQ+4VqNltTPnae0f2gC9kcQ0Nii+nIa3i4VO9QNU/hb4t9rMcb57NKJut7+giQ0XN60g=="
    }
  }
}
