{
  "name": "todo-list",
  "version": "0.0.1",
  "lockfileVersion": 2,
  "requires": true,
  "packages": {
    "": {
      "name": "todo-list",
      "version": "0.0.1",
      "license": "MIT",
      "dependencies": {
        "@ellx/router": "^0.1.3",
        "tinyx": "^2.2.0"
      },
      "devDependencies": {
        "@ellx/framework": "../ellx2"
      }
    },
    "../ellx2": {
      "name": "@ellx/framework",
      "version": "0.0.1",
      "dev": true,
      "license": "MIT",
      "dependencies": {
        "@ellx/core": "^0.6.0",
        "chokidar": "^3.5.3",
        "command-line-args": "^5.2.1",
        "conclure": "^2, >=2.2.0",
        "md5": "^2.3.0",
        "node-resolve-flow": "^0.8.0",
        "open": "^8.4.0",
        "polka": "^0.5.2",
        "qcjs": "^0.1.0",
        "quarx": "^5, >=5.4.1",
        "quarx-async": "^0.11.1",
        "rd-parse": "^3.4.0",
        "rd-parse-jsexpr": "^3.2.0",
        "serve-static": "^1.15.0",
        "ws": "^8.11.0"
      },
      "devDependencies": {
        "tinyx": "^2.2.0",
        "usnap": "^0.1.0",
        "utap": "^0.1.3"
      }
    },
    "node_modules/@ellx/framework": {
      "resolved": "../ellx2",
      "link": true
    },
    "node_modules/@ellx/router": {
      "version": "0.1.3",
      "resolved": "https://registry.npmjs.org/@ellx/router/-/router-0.1.3.tgz",
      "integrity": "sha512-S0dYGv28mX4434joC8034B1YuSNfPgvHmCoi2bro1kTpzmSYEAUTV2W7+okmU9F16rbGyKcTxbYaaJOB6Qkg7A==",
      "dependencies": {
        "tinyx": "^2.2.0"
      }
    },
    "node_modules/tinyx": {
      "version": "2.2.0",
      "resolved": "https://registry.npmjs.org/tinyx/-/tinyx-2.2.0.tgz",
      "integrity": "sha512-FtvcU05Xye1cJGS1PBVQ+4VqNltTPnae0f2gC9kcQ0Nii+nIa3i4VO9QNU/hb4t9rMcb57NKJut7+giQ0XN60g=="
    }
  },
  "dependencies": {
    "@ellx/framework": {
      "version": "file:../ellx2",
      "requires": {
        "@ellx/core": "^0.6.0",
        "chokidar": "^3.5.3",
        "command-line-args": "^5.2.1",
        "conclure": "^2, >=2.2.0",
        "md5": "^2.3.0",
        "node-resolve-flow": "^0.8.0",
        "open": "^8.4.0",
        "polka": "^0.5.2",
        "qcjs": "^0.1.0",
        "quarx": "^5, >=5.4.1",
        "quarx-async": "^0.11.1",
        "rd-parse": "^3.4.0",
        "rd-parse-jsexpr": "^3.2.0",
        "serve-static": "^1.15.0",
        "tinyx": "^2.2.0",
        "usnap": "^0.1.0",
        "utap": "^0.1.3",
        "ws": "^8.11.0"
      }
    },
    "@ellx/router": {
      "version": "0.1.3",
      "resolved": "https://registry.npmjs.org/@ellx/router/-/router-0.1.3.tgz",
      "integrity": "sha512-S0dYGv28mX4434joC8034B1YuSNfPgvHmCoi2bro1kTpzmSYEAUTV2W7+okmU9F16rbGyKcTxbYaaJOB6Qkg7A==",
      "requires": {
        "tinyx": "^2.2.0"
      }
    },
    "tinyx": {
      "version": "2.2.0",
      "resolved": "https://registry.npmjs.org/tinyx/-/tinyx-2.2.0.tgz",
      "integrity": "sha512-FtvcU05Xye1cJGS1PBVQ+4VqNltTPnae0f2gC9kcQ0Nii+nIa3i4VO9QNU/hb4t9rMcb57NKJut7+giQ0XN60g=="
    }
  }
}
